
Microsoft Visual Studio Solution File, Format Version 11.00
# Visual Studio 2010
Project("{FAE04EC0-301F-11D3-BF4B-00C04F79EFBC}") = "Assembly-CSharp", "Assembly-CSharp.csproj", "{980AF294-2077-97BF-F8AE-167229C27637}"
EndProject
Project("{FAE04EC0-301F-11D3-BF4B-00C04F79EFBC}") = "Assembly-CSharp-Editor", "Assembly-CSharp-Editor.csproj", "{CF29EC3B-43F9-1B45-2FCD-0DE9355ED0AE}"
EndProject
Global
	GlobalSection(SolutionConfigurationPlatforms) = preSolution
		Debug|Any CPU = Debug|Any CPU
		Release|Any CPU = Release|Any CPU
	EndGlobalSection
	GlobalSection(ProjectConfigurationPlatforms) = postSolution
		{980AF294-2077-97BF-F8AE-167229C27637}.Debug|Any CPU.ActiveCfg = Debug|Any CPU
		{980AF294-2077-97BF-F8AE-167229C27637}.Debug|Any CPU.Build.0 = Debug|Any CPU
		{980AF294-2077-97BF-F8AE-167229C27637}.Release|Any CPU.ActiveCfg = Release|Any CPU
		{980AF294-2077-97BF-F8AE-167229C27637}.Release|Any CPU.Build.0 = Release|Any CPU
		{CF29EC3B-43F9-1B45-2FCD-0DE9355ED0AE}.Debug|Any CPU.ActiveCfg = Debug|Any CPU
		{CF29EC3B-43F9-1B45-2FCD-0DE9355ED0AE}.Debug|Any CPU.Build.0 = Debug|Any CPU
		{CF29EC3B-43F9-1B45-2FCD-0DE9355ED0AE}.Release|Any CPU.ActiveCfg = Release|Any CPU
		{CF29EC3B-43F9-1B45-2FCD-0DE9355ED0AE}.Release|Any CPU.Build.0 = Release|Any CPU
	EndGlobalSection
	GlobalSection(SolutionProperties) = preSolution
		HideSolutionNode = FALSE
	EndGlobalSection
EndGlobal
